// !$*UTF8*$!
{
	archiveVersion = 1;
	classes = {
	};
	objectVersion = 50;
	objects = {

/* Begin PBXBuildFile section */
		232296B429C8E27A00BF519D /* AppDelegate.swift in Sources */ = {isa = PBXBuildFile; fileRef = 232296B329C8E27A00BF519D /* AppDelegate.swift */; };
		232296B629C8E27A00BF519D /* SceneDelegate.swift in Sources */ = {isa = PBXBuildFile; fileRef = 232296B529C8E27A00BF519D /* SceneDelegate.swift */; };
		232296B829C8E27A00BF519D /* WelcomeVC.swift in Sources */ = {isa = PBXBuildFile; fileRef = 232296B729C8E27A00BF519D /* WelcomeVC.swift */; };
		232296BB29C8E27A00BF519D /* Main.storyboard in Resources */ = {isa = PBXBuildFile; fileRef = 232296B929C8E27A00BF519D /* Main.storyboard */; };
		232296BD29C8E27B00BF519D /* Assets.xcassets in Resources */ = {isa = PBXBuildFile; fileRef = 232296BC29C8E27B00BF519D /* Assets.xcassets */; };
		232296C029C8E27B00BF519D /* LaunchScreen.storyboard in Resources */ = {isa = PBXBuildFile; fileRef = 232296BE29C8E27B00BF519D /* LaunchScreen.storyboard */; };
		2389309029C99B7D00A06CDC /* BorderButton.swift in Sources */ = {isa = PBXBuildFile; fileRef = 2389308F29C99B7D00A06CDC /* BorderButton.swift */; };
		2389309429C9E98400A06CDC /* LeagueVC.swift in Sources */ = {isa = PBXBuildFile; fileRef = 2389309329C9E98400A06CDC /* LeagueVC.swift */; };
		2389309629C9E9A000A06CDC /* SkillVC.swift in Sources */ = {isa = PBXBuildFile; fileRef = 2389309529C9E9A000A06CDC /* SkillVC.swift */; };
		2389309829C9F47100A06CDC /* Player.swift in Sources */ = {isa = PBXBuildFile; fileRef = 2389309729C9F47100A06CDC /* Player.swift */; };
/* End PBXBuildFile section */

/* Begin PBXFileReference section */
		232296B029C8E27A00BF519D /* app-swoosh.app */ = {isa = PBXFileReference; explicitFileType = wrapper.application; includeInIndex = 0; path = "app-swoosh.app"; sourceTree = BUILT_PRODUCTS_DIR; };
		232296B329C8E27A00BF519D /* AppDelegate.swift */ = {isa = PBXFileReference; lastKnownFileType = sourcecode.swift; path = AppDelegate.swift; sourceTree = "<group>"; };
		232296B529C8E27A00BF519D /* SceneDelegate.swift */ = {isa = PBXFileReference; lastKnownFileType = sourcecode.swift; path = SceneDelegate.swift; sourceTree = "<group>"; };
		232296B729C8E27A00BF519D /* WelcomeVC.swift */ = {isa = PBXFileReference; lastKnownFileType = sourcecode.swift; path = WelcomeVC.swift; sourceTree = "<group>"; };
		232296BA29C8E27A00BF519D /* Base */ = {isa = PBXFileReference; lastKnownFileType = file.storyboard; name = Base; path = Base.lproj/Main.storyboard; sourceTree = "<group>"; };
		232296BC29C8E27B00BF519D /* Assets.xcassets */ = {isa = PBXFileReference; lastKnownFileType = folder.assetcatalog; path = Assets.xcassets; sourceTree = "<group>"; };
		232296BF29C8E27B00BF519D /* Base */ = {isa = PBXFileReference; lastKnownFileType = file.storyboard; name = Base; path = Base.lproj/LaunchScreen.storyboard; sourceTree = "<group>"; };
		232296C129C8E27B00BF519D /* Info.plist */ = {isa = PBXFileReference; lastKnownFileType = text.plist.xml; path = Info.plist; sourceTree = "<group>"; };
		2389308F29C99B7D00A06CDC /* BorderButton.swift */ = {isa = PBXFileReference; lastKnownFileType = sourcecode.swift; path = BorderButton.swift; sourceTree = "<group>"; };
		2389309329C9E98400A06CDC /* LeagueVC.swift */ = {isa = PBXFileReference; lastKnownFileType = sourcecode.swift; path = LeagueVC.swift; sourceTree = "<group>"; };
		2389309529C9E9A000A06CDC /* SkillVC.swift */ = {isa = PBXFileReference; lastKnownFileType = sourcecode.swift; path = SkillVC.swift; sourceTree = "<group>"; };
		2389309729C9F47100A06CDC /* Player.swift */ = {isa = PBXFileReference; lastKnownFileType = sourcecode.swift; path = Player.swift; sourceTree = "<group>"; };
/* End PBXFileReference section */

/* Begin PBXFrameworksBuildPhase section */
		232296AD29C8E27A00BF519D /* Frameworks */ = {
			isa = PBXFrameworksBuildPhase;
			buildActionMask = 2147483647;
			files = (
			);
			runOnlyForDeploymentPostprocessing = 0;
		};
/* End PBXFrameworksBuildPhase section */

/* Begin PBXGroup section */
		232296A729C8E27A00BF519D = {
			isa = PBXGroup;
			children = (
				232296B229C8E27A00BF519D /* app-swoosh */,
				232296B129C8E27A00BF519D /* Products */,
			);
			sourceTree = "<group>";
		};
		232296B129C8E27A00BF519D /* Products */ = {
			isa = PBXGroup;
			children = (
				232296B029C8E27A00BF519D /* app-swoosh.app */,
			);
			name = Products;
			sourceTree = "<group>";
		};
		232296B229C8E27A00BF519D /* app-swoosh */ = {
			isa = PBXGroup;
			children = (
				2389309229C9E90600A06CDC /* Model */,
				232296C929C8F8DC00BF519D /* Views */,
				2389309129C9E8F700A06CDC /* Controller */,
				232296B329C8E27A00BF519D /* AppDelegate.swift */,
				232296B529C8E27A00BF519D /* SceneDelegate.swift */,
				232296B929C8E27A00BF519D /* Main.storyboard */,
				232296BC29C8E27B00BF519D /* Assets.xcassets */,
				232296BE29C8E27B00BF519D /* LaunchScreen.storyboard */,
				232296C129C8E27B00BF519D /* Info.plist */,
			);
			path = "app-swoosh";
			sourceTree = "<group>";
		};
		232296C929C8F8DC00BF519D /* Views */ = {
			isa = PBXGroup;
			children = (
				2389308F29C99B7D00A06CDC /* BorderButton.swift */,
			);
			path = Views;
			sourceTree = "<group>";
		};
		2389309129C9E8F700A06CDC /* Controller */ = {
			isa = PBXGroup;
			children = (
				232296B729C8E27A00BF519D /* WelcomeVC.swift */,
				2389309329C9E98400A06CDC /* LeagueVC.swift */,
				2389309529C9E9A000A06CDC /* SkillVC.swift */,
			);
			path = Controller;
			sourceTree = "<group>";
		};
		2389309229C9E90600A06CDC /* Model */ = {
			isa = PBXGroup;
			children = (
				2389309729C9F47100A06CDC /* Player.swift */,
			);
			path = Model;
			sourceTree = "<group>";
		};
/* End PBXGroup section */

/* Begin PBXNativeTarget section */
		232296AF29C8E27A00BF519D /* app-swoosh */ = {
			isa = PBXNativeTarget;
			buildConfigurationList = 232296C429C8E27B00BF519D /* Build configuration list for PBXNativeTarget "app-swoosh" */;
			buildPhases = (
				232296AC29C8E27A00BF519D /* Sources */,
				232296AD29C8E27A00BF519D /* Frameworks */,
				232296AE29C8E27A00BF519D /* Resources */,
			);
			buildRules = (
			);
			dependencies = (
			);
			name = "app-swoosh";
			productName = "app-swoosh";
			productReference = 232296B029C8E27A00BF519D /* app-swoosh.app */;
			productType = "com.apple.product-type.application";
		};
/* End PBXNativeTarget section */

/* Begin PBXProject section */
		232296A829C8E27A00BF519D /* Project object */ = {
			isa = PBXProject;
			attributes = {
				LastSwiftUpdateCheck = 1250;
				LastUpgradeCheck = 1250;
				TargetAttributes = {
					232296AF29C8E27A00BF519D = {
						CreatedOnToolsVersion = 12.5.1;
					};
				};
			};
			buildConfigurationList = 232296AB29C8E27A00BF519D /* Build configuration list for PBXProject "app-swoosh" */;
			compatibilityVersion = "Xcode 9.3";
			developmentRegion = en;
			hasScannedForEncodings = 0;
			knownRegions = (
				en,
				Base,
			);
			mainGroup = 232296A729C8E27A00BF519D;
			productRefGroup = 232296B129C8E27A00BF519D /* Products */;
			projectDirPath = "";
			projectRoot = "";
			targets = (
				232296AF29C8E27A00BF519D /* app-swoosh */,
			);
		};
/* End PBXProject section */

/* Begin PBXResourcesBuildPhase section */
		232296AE29C8E27A00BF519D /* Resources */ = {
			isa = PBXResourcesBuildPhase;
			buildActionMask = 2147483647;
			files = (
				232296C029C8E27B00BF519D /* LaunchScreen.storyboard in Resources */,
				232296BD29C8E27B00BF519D /* Assets.xcassets in Resources */,
				232296BB29C8E27A00BF519D /* Main.storyboard in Resources */,
			);
			runOnlyForDeploymentPostprocessing = 0;
		};
/* End PBXResourcesBuildPhase section */

/* Begin PBXSourcesBuildPhase section */
		232296AC29C8E27A00BF519D /* Sources */ = {
			isa = PBXSourcesBuildPhase;
			buildActionMask = 2147483647;
			files = (
				2389309429C9E98400A06CDC /* LeagueVC.swift in Sources */,
				232296B829C8E27A00BF519D /* WelcomeVC.swift in Sources */,
				232296B429C8E27A00BF519D /* AppDelegate.swift in Sources */,
				232296B629C8E27A00BF519D /* SceneDelegate.swift in Sources */,
				2389309829C9F47100A06CDC /* Player.swift in Sources */,
				2389309629C9E9A000A06CDC /* SkillVC.swift in Sources */,
				2389309029C99B7D00A06CDC /* BorderButton.swift in Sources */,
			);
			runOnlyForDeploymentPostprocessing = 0;
		};
/* End PBXSourcesBuildPhase section */

/* Begin PBXVariantGroup section */
		232296B929C8E27A00BF519D /* Main.storyboard */ = {
			isa = PBXVariantGroup;
			children = (
				232296BA29C8E27A00BF519D /* Base */,
			);
			name = Main.storyboard;
			sourceTree = "<group>";
		};
		232296BE29C8E27B00BF519D /* LaunchScreen.storyboard */ = {
			isa = PBXVariantGroup;
			children = (
				232296BF29C8E27B00BF519D /* Base */,
			);
			name = LaunchScreen.storyboard;
			sourceTree = "<group>";
		};
/* End PBXVariantGroup section */

/* Begin XCBuildConfiguration section */
		232296C229C8E27B00BF519D /* Debug */ = {
			isa = XCBuildConfiguration;
			buildSettings = {
				ALWAYS_SEARCH_USER_PATHS = NO;
				CLANG_ANALYZER_NONNULL = YES;
				CLANG_ANALYZER_NUMBER_OBJECT_CONVERSION = YES_AGGRESSIVE;
				CLANG_CXX_LANGUAGE_STANDARD = "gnu++14";
				CLANG_CXX_LIBRARY = "libc++";
				CLANG_ENABLE_MODULES = YES;
				CLANG_ENABLE_OBJC_ARC = YES;
				CLANG_ENABLE_OBJC_WEAK = YES;
				CLANG_WARN_BLOCK_CAPTURE_AUTORELEASING = YES;
				CLANG_WARN_BOOL_CONVERSION = YES;
				CLANG_WARN_COMMA = YES;
				CLANG_WARN_CONSTANT_CONVERSION = YES;
				CLANG_WARN_DEPRECATED_OBJC_IMPLEMENTATIONS = YES;
				CLANG_WARN_DIRECT_OBJC_ISA_USAGE = YES_ERROR;
				CLANG_WARN_DOCUMENTATION_COMMENTS = YES;
				CLANG_WARN_EMPTY_BODY = YES;
				CLANG_WARN_ENUM_CONVERSION = YES;
				CLANG_WARN_INFINITE_RECURSION = YES;
				CLANG_WARN_INT_CONVERSION = YES;
				CLANG_WARN_NON_LITERAL_NULL_CONVERSION = YES;
				CLANG_WARN_OBJC_IMPLICIT_RETAIN_SELF = YES;
				CLANG_WARN_OBJC_LITERAL_CONVERSION = YES;
				CLANG_WARN_OBJC_ROOT_CLASS = YES_ERROR;
				CLANG_WARN_QUOTED_INCLUDE_IN_FRAMEWORK_HEADER = YES;
				CLANG_WARN_RANGE_LOOP_ANALYSIS = YES;
				CLANG_WARN_STRICT_PROTOTYPES = YES;
				CLANG_WARN_SUSPICIOUS_MOVE = YES;
				CLANG_WARN_UNGUARDED_AVAILABILITY = YES_AGGRESSIVE;
				CLANG_WARN_UNREACHABLE_CODE = YES;
				CLANG_WARN__DUPLICATE_METHOD_MATCH = YES;
				COPY_PHASE_STRIP = NO;
				DEBUG_INFORMATION_FORMAT = dwarf;
				ENABLE_STRICT_OBJC_MSGSEND = YES;
				ENABLE_TESTABILITY = YES;
				GCC_C_LANGUAGE_STANDARD = gnu11;
				GCC_DYNAMIC_NO_PIC = NO;
				GCC_NO_COMMON_BLOCKS = YES;
				GCC_OPTIMIZATION_LEVEL = 0;
				GCC_PREPROCESSOR_DEFINITIONS = (
					"DEBUG=1",
					"$(inherited)",
				);
				GCC_WARN_64_TO_32_BIT_CONVERSION = YES;
				GCC_WARN_ABOUT_RETURN_TYPE = YES_ERROR;
				GCC_WARN_UNDECLARED_SELECTOR = YES;
				GCC_WARN_UNINITIALIZED_AUTOS = YES_AGGRESSIVE;
				GCC_WARN_UNUSED_FUNCTION = YES;
				GCC_WARN_UNUSED_VARIABLE = YES;
				IPHONEOS_DEPLOYMENT_TARGET = 14.5;
				MTL_ENABLE_DEBUG_INFO = INCLUDE_SOURCE;
				MTL_FAST_MATH = YES;
				ONLY_ACTIVE_ARCH = YES;
				SDKROOT = iphoneos;
				SWIFT_ACTIVE_COMPILATION_CONDITIONS = DEBUG;
				SWIFT_OPTIMIZATION_LEVEL = "-Onone";
			};
			name = Debug;
		};
		232296C329C8E27B00BF519D /* Release */ = {
			isa = XCBuildConfiguration;
			buildSettings = {
				ALWAYS_SEARCH_USER_PATHS = NO;
				CLANG_ANALYZER_NONNULL = YES;
				CLANG_ANALYZER_NUMBER_OBJECT_CONVERSION = YES_AGGRESSIVE;
				CLANG_CXX_LANGUAGE_STANDARD = "gnu++14";
				CLANG_CXX_LIBRARY = "libc++";
				CLANG_ENABLE_MODULES = YES;
				CLANG_ENABLE_OBJC_ARC = YES;
				CLANG_ENABLE_OBJC_WEAK = YES;
				CLANG_WARN_BLOCK_CAPTURE_AUTORELEASING = YES;
				CLANG_WARN_BOOL_CONVERSION = YES;
				CLANG_WARN_COMMA = YES;
				CLANG_WARN_CONSTANT_CONVERSION = YES;
				CLANG_WARN_DEPRECATED_OBJC_IMPLEMENTATIONS = YES;
				CLANG_WARN_DIRECT_OBJC_ISA_USAGE = YES_ERROR;
				CLANG_WARN_DOCUMENTATION_COMMENTS = YES;
				CLANG_WARN_EMPTY_BODY = YES;
				CLANG_WARN_ENUM_CONVERSION = YES;
				CLANG_WARN_INFINITE_RECURSION = YES;
				CLANG_WARN_INT_CONVERSION = YES;
				CLANG_WARN_NON_LITERAL_NULL_CONVERSION = YES;
				CLANG_WARN_OBJC_IMPLICIT_RETAIN_SELF = YES;
				CLANG_WARN_OBJC_LITERAL_CONVERSION = YES;
				CLANG_WARN_OBJC_ROOT_CLASS = YES_ERROR;
				CLANG_WARN_QUOTED_INCLUDE_IN_FRAMEWORK_HEADER = YES;
				CLANG_WARN_RANGE_LOOP_ANALYSIS = YES;
				CLANG_WARN_STRICT_PROTOTYPES = YES;
				CLANG_WARN_SUSPICIOUS_MOVE = YES;
				CLANG_WARN_UNGUARDED_AVAILABILITY = YES_AGGRESSIVE;
				CLANG_WARN_UNREACHABLE_CODE = YES;
				CLANG_WARN__DUPLICATE_METHOD_MATCH = YES;
				COPY_PHASE_STRIP = NO;
				DEBUG_INFORMATION_FORMAT = "dwarf-with-dsym";
				ENABLE_NS_ASSERTIONS = NO;
				ENABLE_STRICT_OBJC_MSGSEND = YES;
				GCC_C_LANGUAGE_STANDARD = gnu11;
				GCC_NO_COMMON_BLOCKS = YES;
				GCC_WARN_64_TO_32_BIT_CONVERSION = YES;
				GCC_WARN_ABOUT_RETURN_TYPE = YES_ERROR;
				GCC_WARN_UNDECLARED_SELECTOR = YES;
				GCC_WARN_UNINITIALIZED_AUTOS = YES_AGGRESSIVE;
				GCC_WARN_UNUSED_FUNCTION = YES;
				GCC_WARN_UNUSED_VARIABLE = YES;
				IPHONEOS_DEPLOYMENT_TARGET = 14.5;
				MTL_ENABLE_DEBUG_INFO = NO;
				MTL_FAST_MATH = YES;
				SDKROOT = iphoneos;
				SWIFT_COMPILATION_MODE = wholemodule;
				SWIFT_OPTIMIZATION_LEVEL = "-O";
				VALIDATE_PRODUCT = YES;
			};
			name = Release;
		};
		232296C529C8E27B00BF519D /* Debug */ = {
			isa = XCBuildConfiguration;
			buildSettings = {
				ASSETCATALOG_COMPILER_APPICON_NAME = AppIcon;
				ASSETCATALOG_COMPILER_GLOBAL_ACCENT_COLOR_NAME = AccentColor;
				CODE_SIGN_STYLE = Automatic;
				DEVELOPMENT_TEAM = 886Y82ZT56;
				INFOPLIST_FILE = "app-swoosh/Info.plist";
				LD_RUNPATH_SEARCH_PATHS = (
					"$(inherited)",
					"@executable_path/Frameworks",
				);
				PRODUCT_BUNDLE_IDENTIFIER = "com.carringtons.app-swoosh";
				PRODUCT_NAME = "$(TARGET_NAME)";
				SWIFT_VERSION = 5.0;
				TARGETED_DEVICE_FAMILY = "1,2";
			};
			name = Debug;
		};
		232296C629C8E27B00BF519D /* Release */ = {
			isa = XCBuildConfiguration;
			buildSettings = {
				ASSETCATALOG_COMPILER_APPICON_NAME = AppIcon;
				ASSETCATALOG_COMPILER_GLOBAL_ACCENT_COLOR_NAME = AccentColor;
				CODE_SIGN_STYLE = Automatic;
				DEVELOPMENT_TEAM = 886Y82ZT56;
				INFOPLIST_FILE = "app-swoosh/Info.plist";
				LD_RUNPATH_SEARCH_PATHS = (
					"$(inherited)",
					"@executable_path/Frameworks",
				);
				PRODUCT_BUNDLE_IDENTIFIER = "com.carringtons.app-swoosh";
				PRODUCT_NAME = "$(TARGET_NAME)";
				SWIFT_VERSION = 5.0;
				TARGETED_DEVICE_FAMILY = "1,2";
			};
			name = Release;
		};
/* End XCBuildConfiguration section */

/* Begin XCConfigurationList section */
		232296AB29C8E27A00BF519D /* Build configuration list for PBXProject "app-swoosh" */ = {
			isa = XCConfigurationList;
			buildConfigurations = (
				232296C229C8E27B00BF519D /* Debug */,
				232296C329C8E27B00BF519D /* Release */,
			);
			defaultConfigurationIsVisible = 0;
			defaultConfigurationName = Release;
		};
		232296C429C8E27B00BF519D /* Build configuration list for PBXNativeTarget "app-swoosh" */ = {
			isa = XCConfigurationList;
			buildConfigurations = (
				232296C529C8E27B00BF519D /* Debug */,
				232296C629C8E27B00BF519D /* Release */,
			);
			defaultConfigurationIsVisible = 0;
			defaultConfigurationName = Release;
		};
/* End XCConfigurationList section */
	};
	rootObject = 232296A829C8E27A00BF519D /* Project object */;
}
